
Microsoft Visual Studio Solution File, Format Version 12.00
Project("{2150E333-8FDC-42A3-9474-1A3956D46DE8}") = "Bootstrapper", "Bootstrapper", "{423165FA-F244-4F42-BF96-E19DAA93C0B1}"
EndProject
Project("{FAE04EC0-301F-11D3-BF4B-00C04F79EFBC}") = "Integrify.Bootstrapper", "bootstrapper\Integrify.Bootstrapper\Integrify.Bootstrapper.csproj", "{96A93A73-E017-4F11-8DAF-75193E3A18A5}"
EndProject
Project("{2150E333-8FDC-42A3-9474-1A3956D46DE8}") = "Shared", "Shared", "{AA035825-A4B6-42C2-8441-46933529ABDC}"
EndProject
Project("{2150E333-8FDC-42A3-9474-1A3956D46DE8}") = "Modules", "Modules", "{6AB647F0-3A29-4821-BD15-2F5CDCF56C8B}"
EndProject
Project("{FAE04EC0-301F-11D3-BF4B-00C04F79EFBC}") = "Integrify.Shared.Abstractions", "shared\Integrify.Shared.Abstractions\Integrify.Shared.Abstractions.csproj", "{00C3D8DA-F2CC-43E8-A56D-B3B1DAFA6BE9}"
EndProject
Project("{FAE04EC0-301F-11D3-BF4B-00C04F79EFBC}") = "Integrify.Shared.Infrastructure", "shared\Integrify.Shared.Infrastructure\Integrify.Shared.Infrastructure.csproj", "{39493257-A4F2-46C7-9CF7-CBDA3F67842A}"
EndProject
Project("{2150E333-8FDC-42A3-9474-1A3956D46DE8}") = "Orders", "Orders", "{86C7FFEB-822F-4C7B-BA14-D784984BE2CA}"
EndProject
Project("{FAE04EC0-301F-11D3-BF4B-00C04F79EFBC}") = "Integrify.Modules.Orders.Api", "modules\orders\Integrify.Modules.Orders.Api\Integrify.Modules.Orders.Api.csproj", "{DB5E5A03-BD3B-49BF-9A7B-46EE53E42FBA}"
EndProject
Project("{FAE04EC0-301F-11D3-BF4B-00C04F79EFBC}") = "Integrify.Modules.Orders.Core", "modules\orders\Integrify.Modules.Orders.Core\Integrify.Modules.Orders.Core.csproj", "{29164F4A-CD9A-4AAA-9B96-08CD58908529}"
EndProject
Project("{2150E333-8FDC-42A3-9474-1A3956D46DE8}") = "Plugins", "Plugins", "{CC80CF04-6811-4B68-BE88-00F2955F8359}"
EndProject
Project("{2150E333-8FDC-42A3-9474-1A3956D46DE8}") = "Inbounds", "Inbounds", "{4B957302-6A2D-4B35-9508-E07ACF7B19D3}"
EndProject
Project("{2150E333-8FDC-42A3-9474-1A3956D46DE8}") = "Outbounds", "Outbounds", "{614966C6-6470-432D-911A-0CC10F8C5906}"
EndProject
Project("{2150E333-8FDC-42A3-9474-1A3956D46DE8}") = "Example", "Example", "{6C434072-16F5-4158-BE95-B85D695DAD53}"
EndProject
Project("{FAE04EC0-301F-11D3-BF4B-00C04F79EFBC}") = "Plugins.Inbounds.Example.Api", "plugins\inbounds\example\Plugins.Inbounds.Example.Api\Plugins.Inbounds.Example.Api.csproj", "{03B17380-6F5C-416B-8470-ED97C28DE2D1}"
EndProject
Project("{2150E333-8FDC-42A3-9474-1A3956D46DE8}") = "Stocks", "Stocks", "{4740F824-6AEA-46BA-BF08-11D2A4C7DFDC}"
EndProject
Project("{FAE04EC0-301F-11D3-BF4B-00C04F79EFBC}") = "Integrify.Modules.Stocks.Api", "modules\stocks\Integrify.Modules.Stocks.Api\Integrify.Modules.Stocks.Api.csproj", "{47407B57-6ADF-46C3-88AB-0D9457C7855C}"
EndProject
Project("{FAE04EC0-301F-11D3-BF4B-00C04F79EFBC}") = "Plugins.Inbounds.Example.Core", "plugins\inbounds\example\Plugins.Inbounds.Example.Core\Plugins.Inbounds.Example.Core.csproj", "{17A0CDD8-A78B-4E6A-BD7D-B8928904C5CA}"
EndProject
Project("{2150E333-8FDC-42A3-9474-1A3956D46DE8}") = "Products", "Products", "{87B9FDAA-9BB9-44D7-834C-C0B2CD9683E5}"
EndProject
Project("{FAE04EC0-301F-11D3-BF4B-00C04F79EFBC}") = "Integrify.Modules.Products.Api", "modules\products\Integrify.Modules.Products.Api\Integrify.Modules.Products.Api.csproj", "{1A0E6CE1-E265-41DB-A7B1-47D97C438165}"
EndProject
Project("{2150E333-8FDC-42A3-9474-1A3956D46DE8}") = "Customers", "Customers", "{F0140D63-092A-4A2D-87EB-FC13F1B79CC6}"
EndProject
Project("{FAE04EC0-301F-11D3-BF4B-00C04F79EFBC}") = "Integrify.Modules.Customers.Api", "modules\customers\Integrify.Modules.Customers.Api\Integrify.Modules.Customers.Api.csproj", "{6F06A151-7563-4623-9A29-E5560B60C36A}"
EndProject
Project("{FAE04EC0-301F-11D3-BF4B-00C04F79EFBC}") = "Integrify.Modules.Customers.Core", "modules\customers\Integrify.Modules.Customers.Core\Integrify.Modules.Customers.Core.csproj", "{1ED3733E-E2FF-49BD-BC64-093814ED90FE}"
EndProject
Project("{FAE04EC0-301F-11D3-BF4B-00C04F79EFBC}") = "Integrify.Modules.Products.Core", "modules\products\Integrify.Modules.Products.Core\Integrify.Modules.Products.Core.csproj", "{9C616219-826E-4692-A61C-733AEE127016}"
EndProject
Project("{FAE04EC0-301F-11D3-BF4B-00C04F79EFBC}") = "Integrify.Modules.Stocks.Core", "modules\stocks\Integrify.Modules.Stocks.Core\Integrify.Modules.Stocks.Core.csproj", "{372392E2-B2C1-432C-A812-C5F53C7100FA}"
EndProject
Project("{FAE04EC0-301F-11D3-BF4B-00C04F79EFBC}") = "Plugins.Inbounds.Example.Service", "plugins\inbounds\example\Plugins.Inbounds.Example.Service\Plugins.Inbounds.Example.Service.csproj", "{707DC70F-339A-49F5-8936-F6ACA6465711}"
EndProject
Project("{2150E333-8FDC-42A3-9474-1A3956D46DE8}") = "Synchronizer", "Synchronizer", "{60C0E033-4387-4532-89D2-9B3B23FC06A0}"
EndProject
Project("{FAE04EC0-301F-11D3-BF4B-00C04F79EFBC}") = "Integrify.Modules.Synchronizer.Api", "modules\synchronizer\Integrify.Modules.Synchronizer.Api\Integrify.Modules.Synchronizer.Api.csproj", "{306691AE-F1D6-4703-B989-13682A353561}"
EndProject
Global
	GlobalSection(SolutionConfigurationPlatforms) = preSolution
		Debug|Any CPU = Debug|Any CPU
		Release|Any CPU = Release|Any CPU
	EndGlobalSection
	GlobalSection(NestedProjects) = preSolution
		{96A93A73-E017-4F11-8DAF-75193E3A18A5} = {423165FA-F244-4F42-BF96-E19DAA93C0B1}
		{00C3D8DA-F2CC-43E8-A56D-B3B1DAFA6BE9} = {AA035825-A4B6-42C2-8441-46933529ABDC}
		{39493257-A4F2-46C7-9CF7-CBDA3F67842A} = {AA035825-A4B6-42C2-8441-46933529ABDC}
		{86C7FFEB-822F-4C7B-BA14-D784984BE2CA} = {6AB647F0-3A29-4821-BD15-2F5CDCF56C8B}
		{DB5E5A03-BD3B-49BF-9A7B-46EE53E42FBA} = {86C7FFEB-822F-4C7B-BA14-D784984BE2CA}
		{29164F4A-CD9A-4AAA-9B96-08CD58908529} = {86C7FFEB-822F-4C7B-BA14-D784984BE2CA}
		{4B957302-6A2D-4B35-9508-E07ACF7B19D3} = {CC80CF04-6811-4B68-BE88-00F2955F8359}
		{614966C6-6470-432D-911A-0CC10F8C5906} = {CC80CF04-6811-4B68-BE88-00F2955F8359}
		{6C434072-16F5-4158-BE95-B85D695DAD53} = {4B957302-6A2D-4B35-9508-E07ACF7B19D3}
		{03B17380-6F5C-416B-8470-ED97C28DE2D1} = {6C434072-16F5-4158-BE95-B85D695DAD53}
		{4740F824-6AEA-46BA-BF08-11D2A4C7DFDC} = {6AB647F0-3A29-4821-BD15-2F5CDCF56C8B}
		{47407B57-6ADF-46C3-88AB-0D9457C7855C} = {4740F824-6AEA-46BA-BF08-11D2A4C7DFDC}
		{17A0CDD8-A78B-4E6A-BD7D-B8928904C5CA} = {6C434072-16F5-4158-BE95-B85D695DAD53}
		{87B9FDAA-9BB9-44D7-834C-C0B2CD9683E5} = {6AB647F0-3A29-4821-BD15-2F5CDCF56C8B}
		{1A0E6CE1-E265-41DB-A7B1-47D97C438165} = {87B9FDAA-9BB9-44D7-834C-C0B2CD9683E5}
		{F0140D63-092A-4A2D-87EB-FC13F1B79CC6} = {6AB647F0-3A29-4821-BD15-2F5CDCF56C8B}
		{6F06A151-7563-4623-9A29-E5560B60C36A} = {F0140D63-092A-4A2D-87EB-FC13F1B79CC6}
		{1ED3733E-E2FF-49BD-BC64-093814ED90FE} = {F0140D63-092A-4A2D-87EB-FC13F1B79CC6}
		{9C616219-826E-4692-A61C-733AEE127016} = {87B9FDAA-9BB9-44D7-834C-C0B2CD9683E5}
		{372392E2-B2C1-432C-A812-C5F53C7100FA} = {4740F824-6AEA-46BA-BF08-11D2A4C7DFDC}
		{707DC70F-339A-49F5-8936-F6ACA6465711} = {6C434072-16F5-4158-BE95-B85D695DAD53}
		{60C0E033-4387-4532-89D2-9B3B23FC06A0} = {6AB647F0-3A29-4821-BD15-2F5CDCF56C8B}
		{306691AE-F1D6-4703-B989-13682A353561} = {60C0E033-4387-4532-89D2-9B3B23FC06A0}
	EndGlobalSection
	GlobalSection(ProjectConfigurationPlatforms) = postSolution
		{96A93A73-E017-4F11-8DAF-75193E3A18A5}.Debug|Any CPU.ActiveCfg = Debug|Any CPU
		{96A93A73-E017-4F11-8DAF-75193E3A18A5}.Debug|Any CPU.Build.0 = Debug|Any CPU
		{96A93A73-E017-4F11-8DAF-75193E3A18A5}.Release|Any CPU.ActiveCfg = Release|Any CPU
		{96A93A73-E017-4F11-8DAF-75193E3A18A5}.Release|Any CPU.Build.0 = Release|Any CPU
		{00C3D8DA-F2CC-43E8-A56D-B3B1DAFA6BE9}.Debug|Any CPU.ActiveCfg = Debug|Any CPU
		{00C3D8DA-F2CC-43E8-A56D-B3B1DAFA6BE9}.Debug|Any CPU.Build.0 = Debug|Any CPU
		{00C3D8DA-F2CC-43E8-A56D-B3B1DAFA6BE9}.Release|Any CPU.ActiveCfg = Release|Any CPU
		{00C3D8DA-F2CC-43E8-A56D-B3B1DAFA6BE9}.Release|Any CPU.Build.0 = Release|Any CPU
		{39493257-A4F2-46C7-9CF7-CBDA3F67842A}.Debug|Any CPU.ActiveCfg = Debug|Any CPU
		{39493257-A4F2-46C7-9CF7-CBDA3F67842A}.Debug|Any CPU.Build.0 = Debug|Any CPU
		{39493257-A4F2-46C7-9CF7-CBDA3F67842A}.Release|Any CPU.ActiveCfg = Release|Any CPU
		{39493257-A4F2-46C7-9CF7-CBDA3F67842A}.Release|Any CPU.Build.0 = Release|Any CPU
		{DB5E5A03-BD3B-49BF-9A7B-46EE53E42FBA}.Debug|Any CPU.ActiveCfg = Debug|Any CPU
		{DB5E5A03-BD3B-49BF-9A7B-46EE53E42FBA}.Debug|Any CPU.Build.0 = Debug|Any CPU
		{DB5E5A03-BD3B-49BF-9A7B-46EE53E42FBA}.Release|Any CPU.ActiveCfg = Release|Any CPU
		{DB5E5A03-BD3B-49BF-9A7B-46EE53E42FBA}.Release|Any CPU.Build.0 = Release|Any CPU
		{29164F4A-CD9A-4AAA-9B96-08CD58908529}.Debug|Any CPU.ActiveCfg = Debug|Any CPU
		{29164F4A-CD9A-4AAA-9B96-08CD58908529}.Debug|Any CPU.Build.0 = Debug|Any CPU
		{29164F4A-CD9A-4AAA-9B96-08CD58908529}.Release|Any CPU.ActiveCfg = Release|Any CPU
		{29164F4A-CD9A-4AAA-9B96-08CD58908529}.Release|Any CPU.Build.0 = Release|Any CPU
		{03B17380-6F5C-416B-8470-ED97C28DE2D1}.Debug|Any CPU.ActiveCfg = Debug|Any CPU
		{03B17380-6F5C-416B-8470-ED97C28DE2D1}.Debug|Any CPU.Build.0 = Debug|Any CPU
		{03B17380-6F5C-416B-8470-ED97C28DE2D1}.Release|Any CPU.ActiveCfg = Release|Any CPU
		{03B17380-6F5C-416B-8470-ED97C28DE2D1}.Release|Any CPU.Build.0 = Release|Any CPU
		{47407B57-6ADF-46C3-88AB-0D9457C7855C}.Debug|Any CPU.ActiveCfg = Debug|Any CPU
		{47407B57-6ADF-46C3-88AB-0D9457C7855C}.Debug|Any CPU.Build.0 = Debug|Any CPU
		{47407B57-6ADF-46C3-88AB-0D9457C7855C}.Release|Any CPU.ActiveCfg = Release|Any CPU
		{47407B57-6ADF-46C3-88AB-0D9457C7855C}.Release|Any CPU.Build.0 = Release|Any CPU
		{17A0CDD8-A78B-4E6A-BD7D-B8928904C5CA}.Debug|Any CPU.ActiveCfg = Debug|Any CPU
		{17A0CDD8-A78B-4E6A-BD7D-B8928904C5CA}.Debug|Any CPU.Build.0 = Debug|Any CPU
		{17A0CDD8-A78B-4E6A-BD7D-B8928904C5CA}.Release|Any CPU.ActiveCfg = Release|Any CPU
		{17A0CDD8-A78B-4E6A-BD7D-B8928904C5CA}.Release|Any CPU.Build.0 = Release|Any CPU
		{1A0E6CE1-E265-41DB-A7B1-47D97C438165}.Debug|Any CPU.ActiveCfg = Debug|Any CPU
		{1A0E6CE1-E265-41DB-A7B1-47D97C438165}.Debug|Any CPU.Build.0 = Debug|Any CPU
		{1A0E6CE1-E265-41DB-A7B1-47D97C438165}.Release|Any CPU.ActiveCfg = Release|Any CPU
		{1A0E6CE1-E265-41DB-A7B1-47D97C438165}.Release|Any CPU.Build.0 = Release|Any CPU
		{6F06A151-7563-4623-9A29-E5560B60C36A}.Debug|Any CPU.ActiveCfg = Debug|Any CPU
		{6F06A151-7563-4623-9A29-E5560B60C36A}.Debug|Any CPU.Build.0 = Debug|Any CPU
		{6F06A151-7563-4623-9A29-E5560B60C36A}.Release|Any CPU.ActiveCfg = Release|Any CPU
		{6F06A151-7563-4623-9A29-E5560B60C36A}.Release|Any CPU.Build.0 = Release|Any CPU
		{1ED3733E-E2FF-49BD-BC64-093814ED90FE}.Debug|Any CPU.ActiveCfg = Debug|Any CPU
		{1ED3733E-E2FF-49BD-BC64-093814ED90FE}.Debug|Any CPU.Build.0 = Debug|Any CPU
		{1ED3733E-E2FF-49BD-BC64-093814ED90FE}.Release|Any CPU.ActiveCfg = Release|Any CPU
		{1ED3733E-E2FF-49BD-BC64-093814ED90FE}.Release|Any CPU.Build.0 = Release|Any CPU
		{9C616219-826E-4692-A61C-733AEE127016}.Debug|Any CPU.ActiveCfg = Debug|Any CPU
		{9C616219-826E-4692-A61C-733AEE127016}.Debug|Any CPU.Build.0 = Debug|Any CPU
		{9C616219-826E-4692-A61C-733AEE127016}.Release|Any CPU.ActiveCfg = Release|Any CPU
		{9C616219-826E-4692-A61C-733AEE127016}.Release|Any CPU.Build.0 = Release|Any CPU
		{372392E2-B2C1-432C-A812-C5F53C7100FA}.Debug|Any CPU.ActiveCfg = Debug|Any CPU
		{372392E2-B2C1-432C-A812-C5F53C7100FA}.Debug|Any CPU.Build.0 = Debug|Any CPU
		{372392E2-B2C1-432C-A812-C5F53C7100FA}.Release|Any CPU.ActiveCfg = Release|Any CPU
		{372392E2-B2C1-432C-A812-C5F53C7100FA}.Release|Any CPU.Build.0 = Release|Any CPU
		{707DC70F-339A-49F5-8936-F6ACA6465711}.Debug|Any CPU.ActiveCfg = Debug|Any CPU
		{707DC70F-339A-49F5-8936-F6ACA6465711}.Debug|Any CPU.Build.0 = Debug|Any CPU
		{707DC70F-339A-49F5-8936-F6ACA6465711}.Release|Any CPU.ActiveCfg = Release|Any CPU
		{707DC70F-339A-49F5-8936-F6ACA6465711}.Release|Any CPU.Build.0 = Release|Any CPU
		{306691AE-F1D6-4703-B989-13682A353561}.Debug|Any CPU.ActiveCfg = Debug|Any CPU
		{306691AE-F1D6-4703-B989-13682A353561}.Debug|Any CPU.Build.0 = Debug|Any CPU
		{306691AE-F1D6-4703-B989-13682A353561}.Release|Any CPU.ActiveCfg = Release|Any CPU
		{306691AE-F1D6-4703-B989-13682A353561}.Release|Any CPU.Build.0 = Release|Any CPU
	EndGlobalSection
EndGlobal
