
Microsoft Visual Studio Solution File, Format Version 12.00
Project("{2150E333-8FDC-42A3-9474-1A3956D46DE8}") = "Shared", "Shared", "{AA035825-A4B6-42C2-8441-46933529ABDC}"
EndProject
Project("{FAE04EC0-301F-11D3-BF4B-00C04F79EFBC}") = "Integrify.Shared.Abstractions", "shared\Integrify.Shared.Abstractions\Integrify.Shared.Abstractions.csproj", "{00C3D8DA-F2CC-43E8-A56D-B3B1DAFA6BE9}"
EndProject
Project("{FAE04EC0-301F-11D3-BF4B-00C04F79EFBC}") = "Integrify.Shared.Infrastructure", "shared\Integrify.Shared.Infrastructure\Integrify.Shared.Infrastructure.csproj", "{39493257-A4F2-46C7-9CF7-CBDA3F67842A}"
EndProject
Project("{2150E333-8FDC-42A3-9474-1A3956D46DE8}") = "Clients", "Clients", "{6BF3F9C7-CCC6-4F01-8FFF-E264190DCC4F}"
EndProject
Project("{2150E333-8FDC-42A3-9474-1A3956D46DE8}") = "Integrations", "Integrations", "{737F21F0-EA81-48E4-8D70-B49BBA4EFD82}"
EndProject
Project("{2150E333-8FDC-42A3-9474-1A3956D46DE8}") = "Customers", "Customers", "{BC6988BD-55B2-43AA-AB18-443DC6539060}"
EndProject
Project("{FAE04EC0-301F-11D3-BF4B-00C04F79EFBC}") = "Integrify.Integrations.Customers.Api", "integrations\customers\Integrify.Integrations.Customers.Api\Integrify.Integrations.Customers.Api.csproj", "{A9A40B2F-6596-4731-B5B7-E2D086BF5F41}"
EndProject
Project("{2150E333-8FDC-42A3-9474-1A3956D46DE8}") = "Orders", "Orders", "{6AD84724-9F07-4F9E-AF1A-D67AB4F5E328}"
EndProject
Project("{2150E333-8FDC-42A3-9474-1A3956D46DE8}") = "Products", "Products", "{F9356A39-EC98-4A6D-9ABD-5491AD55CFC7}"
EndProject
Project("{2150E333-8FDC-42A3-9474-1A3956D46DE8}") = "Stocks", "Stocks", "{092239E2-E99D-41DE-ABDE-4EACFDBE4528}"
EndProject
Project("{FAE04EC0-301F-11D3-BF4B-00C04F79EFBC}") = "Integrify.Integrations.Stocks.Api", "integrations\stocks\Integrify.Integrations.Stocks.Api\Integrify.Integrations.Stocks.Api.csproj", "{20EB6407-8605-4FFE-A51F-944473D251E9}"
EndProject
Project("{FAE04EC0-301F-11D3-BF4B-00C04F79EFBC}") = "Integrify.Integrations.Products.Api", "integrations\products\Integrify.Integrations.Products.Api\Integrify.Integrations.Products.Api.csproj", "{D9370BA4-890E-48ED-A404-C1FDEF08FB95}"
EndProject
Project("{FAE04EC0-301F-11D3-BF4B-00C04F79EFBC}") = "Integrify.Integrations.Orders.Api", "integrations\orders\Integrify.Integrations.Orders.Api\Integrify.Integrations.Orders.Api.csproj", "{8687A6F3-E566-401E-82D3-63B4A1926BEC}"
EndProject
Project("{FAE04EC0-301F-11D3-BF4B-00C04F79EFBC}") = "Integrify.Integrations.Customers.Core", "integrations\customers\Integrify.Integrations.Customers.Core\Integrify.Integrations.Customers.Core.csproj", "{004074CE-1E27-4077-BC62-67159201A0C7}"
EndProject
Project("{FAE04EC0-301F-11D3-BF4B-00C04F79EFBC}") = "Integrify.Integrations.Customers.Port", "integrations\customers\Integrify.Integrations.Customers.Port\Integrify.Integrations.Customers.Port.csproj", "{221FF96C-76FC-4D14-9842-1AAF035EAE41}"
EndProject
Project("{FAE04EC0-301F-11D3-BF4B-00C04F79EFBC}") = "Integrify.Integrations.Orders.Core", "integrations\orders\Integrify.Integrations.Orders.Core\Integrify.Integrations.Orders.Core.csproj", "{F3703DE9-1B0E-4B2F-9F39-CA37224CAEC5}"
EndProject
Project("{FAE04EC0-301F-11D3-BF4B-00C04F79EFBC}") = "Integrify.Integrations.Orders.Port", "integrations\orders\Integrify.Integrations.Orders.Port\Integrify.Integrations.Orders.Port.csproj", "{4515000A-2488-42CE-AB6B-5FCFFC03704F}"
EndProject
Project("{FAE04EC0-301F-11D3-BF4B-00C04F79EFBC}") = "Integrify.Integrations.Products.Core", "integrations\products\Integrify.Integrations.Products.Core\Integrify.Integrations.Products.Core.csproj", "{C95FD9FA-10A9-4F6D-929C-762963577659}"
EndProject
Project("{FAE04EC0-301F-11D3-BF4B-00C04F79EFBC}") = "Integrify.Integrations.Products.Port", "integrations\products\Integrify.Integrations.Products.Port\Integrify.Integrations.Products.Port.csproj", "{0ECC3348-AF19-41C4-8E24-06B5A086E9F7}"
EndProject
Project("{FAE04EC0-301F-11D3-BF4B-00C04F79EFBC}") = "Integrify.Integrations.Stocks.Core", "integrations\stocks\Integrify.Integrations.Stocks.Core\Integrify.Integrations.Stocks.Core.csproj", "{8DC41EE5-8798-464F-A4A8-7A26D2BE97E1}"
EndProject
Project("{FAE04EC0-301F-11D3-BF4B-00C04F79EFBC}") = "Integrify.Integrations.Stocks.Port", "integrations\stocks\Integrify.Integrations.Stocks.Port\Integrify.Integrations.Stocks.Port.csproj", "{66EA8B78-2F3E-47AA-96B8-D4E3EFCEF580}"
EndProject
Project("{2150E333-8FDC-42A3-9474-1A3956D46DE8}") = "Plugins", "Plugins", "{7A53ACF2-C0C2-4760-BA08-D41E3EBD82BD}"
EndProject
Project("{2150E333-8FDC-42A3-9474-1A3956D46DE8}") = "ErpSimulator", "ErpSimulator", "{ADF5E769-CBF1-4827-AAD5-35A76F2C6FFF}"
EndProject
Project("{FAE04EC0-301F-11D3-BF4B-00C04F79EFBC}") = "Integrify.Plugins.ErpSimulator.Api", "plugins\ErpSimulator\Integrify.Plugins.ErpSimulator.Api\Integrify.Plugins.ErpSimulator.Api.csproj", "{6A47E351-8960-4BC6-815B-715C89B085A2}"
EndProject
Project("{FAE04EC0-301F-11D3-BF4B-00C04F79EFBC}") = "Integrify.Plugins.ErpSimulator.Customers.Adapter", "plugins\ErpSimulator\Adapters\Integrify.Plugins.ErpSimulator.Customers.Adapter\Integrify.Plugins.ErpSimulator.Customers.Adapter.csproj", "{3E07BFAE-866F-4485-A98F-9986144AA57F}"
EndProject
Project("{FAE04EC0-301F-11D3-BF4B-00C04F79EFBC}") = "Integrify.Plugins.ErpSimulator.Orders.Adapter", "plugins\ErpSimulator\Adapters\Integrify.Plugins.ErpSimulator.Orders.Adapter\Integrify.Plugins.ErpSimulator.Orders.Adapter.csproj", "{8E42CC78-FCEB-48A8-9C00-E04AE14A9E61}"
EndProject
Project("{FAE04EC0-301F-11D3-BF4B-00C04F79EFBC}") = "Integrify.Plugins.ErpSimulator.Products.Adapter", "plugins\ErpSimulator\Adapters\Integrify.Plugins.ErpSimulator.Products.Adapter\Integrify.Plugins.ErpSimulator.Products.Adapter.csproj", "{24F9AFEE-E2E6-400A-927C-ABE0F44FF7C0}"
EndProject
Project("{FAE04EC0-301F-11D3-BF4B-00C04F79EFBC}") = "Integrify.Plugins.ErpSimulator.Stocks.Adapter", "plugins\ErpSimulator\Adapters\Integrify.Plugins.ErpSimulator.Stocks.Adapter\Integrify.Plugins.ErpSimulator.Stocks.Adapter.csproj", "{E8049A58-B802-466B-B79A-0980B48743C6}"
EndProject
Project("{2150E333-8FDC-42A3-9474-1A3956D46DE8}") = "ShopSimulator", "ShopSimulator", "{4B646CAA-957E-457C-BB71-65CC0E6175B0}"
EndProject
Project("{FAE04EC0-301F-11D3-BF4B-00C04F79EFBC}") = "Integrify.Plugins.ShopSimulator.Api", "plugins\ShopSimulator\Integrify.Plugins.ShopSimulator.Api\Integrify.Plugins.ShopSimulator.Api.csproj", "{735B9325-B448-4D2E-9917-87A8B84C467D}"
EndProject
Project("{FAE04EC0-301F-11D3-BF4B-00C04F79EFBC}") = "Integrify.Plugins.ShopSimulator.Customers.Adapter", "plugins\ShopSimulator\Integrify.Plugins.ShopSimulator.Customers.Adapter\Integrify.Plugins.ShopSimulator.Customers.Adapter.csproj", "{06DEC7A3-A281-46D8-9B08-AA12870C02C9}"
EndProject
Project("{FAE04EC0-301F-11D3-BF4B-00C04F79EFBC}") = "Integrify.Plugins.ShopSimulator.Orders.Adapter", "plugins\ShopSimulator\Integrify.Plugins.ShopSimulator.Orders.Adapter\Integrify.Plugins.ShopSimulator.Orders.Adapter.csproj", "{0E99BF1F-F427-4C2F-A1A0-1FF7998D1C64}"
EndProject
Project("{FAE04EC0-301F-11D3-BF4B-00C04F79EFBC}") = "Integrify.Plugins.ShopSimulator.Products.Adapter", "plugins\ShopSimulator\Integrify.Plugins.ShopSimulator.Products.Adapter\Integrify.Plugins.ShopSimulator.Products.Adapter.csproj", "{89E82790-B839-44A4-823F-BB1FC06D4BA7}"
EndProject
Project("{FAE04EC0-301F-11D3-BF4B-00C04F79EFBC}") = "Integrify.Plugins.ShopSimulator.Stocks.Adapter", "plugins\ShopSimulator\Integrify.Plugins.ShopSimulator.Stocks.Adapter\Integrify.Plugins.ShopSimulator.Stocks.Adapter.csproj", "{A95D7D48-8AB5-4A60-95E2-96AAE34874CC}"
EndProject
Project("{2150E333-8FDC-42A3-9474-1A3956D46DE8}") = "Cli", "Cli", "{61158FEC-63BB-4CCF-9B1D-B93C1A0E860D}"
EndProject
Project("{FAE04EC0-301F-11D3-BF4B-00C04F79EFBC}") = "Integrify.Clients.Cli.Interpreter", "clients\cli\Integrify.Clients.Cli.Interpreter\Integrify.Clients.Cli.Interpreter.csproj", "{E982C0B5-F543-47E2-A29F-14A8FFB5C3C5}"
EndProject
Project("{FAE04EC0-301F-11D3-BF4B-00C04F79EFBC}") = "Integrify.Clients.Cli.Service", "clients\cli\Integrify.Clients.Cli.Service\Integrify.Clients.Cli.Service.csproj", "{654EC75A-B488-4E59-AE70-EFBC66B1A1A5}"
EndProject
Project("{FAE04EC0-301F-11D3-BF4B-00C04F79EFBC}") = "Integrify.Integrations.Customers.Model", "integrations\customers\Integrify.Integrations.Customers.Model\Integrify.Integrations.Customers.Model.csproj", "{1696B0B8-891C-4775-85DF-202D32FF1CDD}"
EndProject
Project("{FAE04EC0-301F-11D3-BF4B-00C04F79EFBC}") = "Integrify.Integrations.Orders.Model", "integrations\orders\Integrify.Integrations.Orders.Model\Integrify.Integrations.Orders.Model.csproj", "{BAD5F5AD-2FD3-4A65-B395-7CC1F692971C}"
EndProject
Project("{FAE04EC0-301F-11D3-BF4B-00C04F79EFBC}") = "Integrify.Integrations.Products.Model", "integrations\products\Integrify.Integrations.Products.Model\Integrify.Integrations.Products.Model.csproj", "{6336BF7E-FB8A-49E6-BCA6-7A27F65431B6}"
EndProject
Project("{FAE04EC0-301F-11D3-BF4B-00C04F79EFBC}") = "Integrify.Integrations.Stocks.Model", "integrations\stocks\Integrify.Integrations.Stocks.Model\Integrify.Integrations.Stocks.Model.csproj", "{22862C9C-F651-446A-A3BF-3D0661DDC5D5}"
EndProject
Project("{2150E333-8FDC-42A3-9474-1A3956D46DE8}") = "Adapters", "Adapters", "{66D29777-A98C-459D-8A85-ADA41373AAB7}"
EndProject
Project("{FAE04EC0-301F-11D3-BF4B-00C04F79EFBC}") = "Integrify.Plugins.ErpSimulator.Domain", "plugins\ErpSimulator\Integrify.Plugins.ErpSimulator.Domain\Integrify.Plugins.ErpSimulator.Domain.csproj", "{A1D93017-9760-401D-A46E-44F5CB327DD9}"
EndProject
Project("{2150E333-8FDC-42A3-9474-1A3956D46DE8}") = "Adapters", "Adapters", "{A66A073F-007F-4CC7-8775-A55E9BBAE228}"
EndProject
Global
	GlobalSection(SolutionConfigurationPlatforms) = preSolution
		Debug|Any CPU = Debug|Any CPU
		Release|Any CPU = Release|Any CPU
	EndGlobalSection
	GlobalSection(NestedProjects) = preSolution
		{00C3D8DA-F2CC-43E8-A56D-B3B1DAFA6BE9} = {AA035825-A4B6-42C2-8441-46933529ABDC}
		{39493257-A4F2-46C7-9CF7-CBDA3F67842A} = {AA035825-A4B6-42C2-8441-46933529ABDC}
		{BC6988BD-55B2-43AA-AB18-443DC6539060} = {737F21F0-EA81-48E4-8D70-B49BBA4EFD82}
		{A9A40B2F-6596-4731-B5B7-E2D086BF5F41} = {BC6988BD-55B2-43AA-AB18-443DC6539060}
		{6AD84724-9F07-4F9E-AF1A-D67AB4F5E328} = {737F21F0-EA81-48E4-8D70-B49BBA4EFD82}
		{F9356A39-EC98-4A6D-9ABD-5491AD55CFC7} = {737F21F0-EA81-48E4-8D70-B49BBA4EFD82}
		{092239E2-E99D-41DE-ABDE-4EACFDBE4528} = {737F21F0-EA81-48E4-8D70-B49BBA4EFD82}
		{20EB6407-8605-4FFE-A51F-944473D251E9} = {092239E2-E99D-41DE-ABDE-4EACFDBE4528}
		{D9370BA4-890E-48ED-A404-C1FDEF08FB95} = {F9356A39-EC98-4A6D-9ABD-5491AD55CFC7}
		{8687A6F3-E566-401E-82D3-63B4A1926BEC} = {6AD84724-9F07-4F9E-AF1A-D67AB4F5E328}
		{004074CE-1E27-4077-BC62-67159201A0C7} = {BC6988BD-55B2-43AA-AB18-443DC6539060}
		{221FF96C-76FC-4D14-9842-1AAF035EAE41} = {BC6988BD-55B2-43AA-AB18-443DC6539060}
		{F3703DE9-1B0E-4B2F-9F39-CA37224CAEC5} = {6AD84724-9F07-4F9E-AF1A-D67AB4F5E328}
		{4515000A-2488-42CE-AB6B-5FCFFC03704F} = {6AD84724-9F07-4F9E-AF1A-D67AB4F5E328}
		{C95FD9FA-10A9-4F6D-929C-762963577659} = {F9356A39-EC98-4A6D-9ABD-5491AD55CFC7}
		{0ECC3348-AF19-41C4-8E24-06B5A086E9F7} = {F9356A39-EC98-4A6D-9ABD-5491AD55CFC7}
		{8DC41EE5-8798-464F-A4A8-7A26D2BE97E1} = {092239E2-E99D-41DE-ABDE-4EACFDBE4528}
		{66EA8B78-2F3E-47AA-96B8-D4E3EFCEF580} = {092239E2-E99D-41DE-ABDE-4EACFDBE4528}
		{ADF5E769-CBF1-4827-AAD5-35A76F2C6FFF} = {7A53ACF2-C0C2-4760-BA08-D41E3EBD82BD}
		{6A47E351-8960-4BC6-815B-715C89B085A2} = {ADF5E769-CBF1-4827-AAD5-35A76F2C6FFF}
		{4B646CAA-957E-457C-BB71-65CC0E6175B0} = {7A53ACF2-C0C2-4760-BA08-D41E3EBD82BD}
		{735B9325-B448-4D2E-9917-87A8B84C467D} = {4B646CAA-957E-457C-BB71-65CC0E6175B0}
		{61158FEC-63BB-4CCF-9B1D-B93C1A0E860D} = {6BF3F9C7-CCC6-4F01-8FFF-E264190DCC4F}
		{E982C0B5-F543-47E2-A29F-14A8FFB5C3C5} = {61158FEC-63BB-4CCF-9B1D-B93C1A0E860D}
		{654EC75A-B488-4E59-AE70-EFBC66B1A1A5} = {61158FEC-63BB-4CCF-9B1D-B93C1A0E860D}
		{1696B0B8-891C-4775-85DF-202D32FF1CDD} = {BC6988BD-55B2-43AA-AB18-443DC6539060}
		{BAD5F5AD-2FD3-4A65-B395-7CC1F692971C} = {6AD84724-9F07-4F9E-AF1A-D67AB4F5E328}
		{6336BF7E-FB8A-49E6-BCA6-7A27F65431B6} = {F9356A39-EC98-4A6D-9ABD-5491AD55CFC7}
		{22862C9C-F651-446A-A3BF-3D0661DDC5D5} = {092239E2-E99D-41DE-ABDE-4EACFDBE4528}
		{66D29777-A98C-459D-8A85-ADA41373AAB7} = {ADF5E769-CBF1-4827-AAD5-35A76F2C6FFF}
		{3E07BFAE-866F-4485-A98F-9986144AA57F} = {66D29777-A98C-459D-8A85-ADA41373AAB7}
		{8E42CC78-FCEB-48A8-9C00-E04AE14A9E61} = {66D29777-A98C-459D-8A85-ADA41373AAB7}
		{24F9AFEE-E2E6-400A-927C-ABE0F44FF7C0} = {66D29777-A98C-459D-8A85-ADA41373AAB7}
		{E8049A58-B802-466B-B79A-0980B48743C6} = {66D29777-A98C-459D-8A85-ADA41373AAB7}
		{A1D93017-9760-401D-A46E-44F5CB327DD9} = {ADF5E769-CBF1-4827-AAD5-35A76F2C6FFF}
		{A66A073F-007F-4CC7-8775-A55E9BBAE228} = {4B646CAA-957E-457C-BB71-65CC0E6175B0}
		{06DEC7A3-A281-46D8-9B08-AA12870C02C9} = {A66A073F-007F-4CC7-8775-A55E9BBAE228}
		{0E99BF1F-F427-4C2F-A1A0-1FF7998D1C64} = {A66A073F-007F-4CC7-8775-A55E9BBAE228}
		{89E82790-B839-44A4-823F-BB1FC06D4BA7} = {A66A073F-007F-4CC7-8775-A55E9BBAE228}
		{A95D7D48-8AB5-4A60-95E2-96AAE34874CC} = {A66A073F-007F-4CC7-8775-A55E9BBAE228}
	EndGlobalSection
	GlobalSection(ProjectConfigurationPlatforms) = postSolution
		{00C3D8DA-F2CC-43E8-A56D-B3B1DAFA6BE9}.Debug|Any CPU.ActiveCfg = Debug|Any CPU
		{00C3D8DA-F2CC-43E8-A56D-B3B1DAFA6BE9}.Debug|Any CPU.Build.0 = Debug|Any CPU
		{00C3D8DA-F2CC-43E8-A56D-B3B1DAFA6BE9}.Release|Any CPU.ActiveCfg = Release|Any CPU
		{00C3D8DA-F2CC-43E8-A56D-B3B1DAFA6BE9}.Release|Any CPU.Build.0 = Release|Any CPU
		{39493257-A4F2-46C7-9CF7-CBDA3F67842A}.Debug|Any CPU.ActiveCfg = Debug|Any CPU
		{39493257-A4F2-46C7-9CF7-CBDA3F67842A}.Debug|Any CPU.Build.0 = Debug|Any CPU
		{39493257-A4F2-46C7-9CF7-CBDA3F67842A}.Release|Any CPU.ActiveCfg = Release|Any CPU
		{39493257-A4F2-46C7-9CF7-CBDA3F67842A}.Release|Any CPU.Build.0 = Release|Any CPU
		{A9A40B2F-6596-4731-B5B7-E2D086BF5F41}.Debug|Any CPU.ActiveCfg = Debug|Any CPU
		{A9A40B2F-6596-4731-B5B7-E2D086BF5F41}.Debug|Any CPU.Build.0 = Debug|Any CPU
		{A9A40B2F-6596-4731-B5B7-E2D086BF5F41}.Release|Any CPU.ActiveCfg = Release|Any CPU
		{A9A40B2F-6596-4731-B5B7-E2D086BF5F41}.Release|Any CPU.Build.0 = Release|Any CPU
		{20EB6407-8605-4FFE-A51F-944473D251E9}.Debug|Any CPU.ActiveCfg = Debug|Any CPU
		{20EB6407-8605-4FFE-A51F-944473D251E9}.Debug|Any CPU.Build.0 = Debug|Any CPU
		{20EB6407-8605-4FFE-A51F-944473D251E9}.Release|Any CPU.ActiveCfg = Release|Any CPU
		{20EB6407-8605-4FFE-A51F-944473D251E9}.Release|Any CPU.Build.0 = Release|Any CPU
		{D9370BA4-890E-48ED-A404-C1FDEF08FB95}.Debug|Any CPU.ActiveCfg = Debug|Any CPU
		{D9370BA4-890E-48ED-A404-C1FDEF08FB95}.Debug|Any CPU.Build.0 = Debug|Any CPU
		{D9370BA4-890E-48ED-A404-C1FDEF08FB95}.Release|Any CPU.ActiveCfg = Release|Any CPU
		{D9370BA4-890E-48ED-A404-C1FDEF08FB95}.Release|Any CPU.Build.0 = Release|Any CPU
		{8687A6F3-E566-401E-82D3-63B4A1926BEC}.Debug|Any CPU.ActiveCfg = Debug|Any CPU
		{8687A6F3-E566-401E-82D3-63B4A1926BEC}.Debug|Any CPU.Build.0 = Debug|Any CPU
		{8687A6F3-E566-401E-82D3-63B4A1926BEC}.Release|Any CPU.ActiveCfg = Release|Any CPU
		{8687A6F3-E566-401E-82D3-63B4A1926BEC}.Release|Any CPU.Build.0 = Release|Any CPU
		{004074CE-1E27-4077-BC62-67159201A0C7}.Debug|Any CPU.ActiveCfg = Debug|Any CPU
		{004074CE-1E27-4077-BC62-67159201A0C7}.Debug|Any CPU.Build.0 = Debug|Any CPU
		{004074CE-1E27-4077-BC62-67159201A0C7}.Release|Any CPU.ActiveCfg = Release|Any CPU
		{004074CE-1E27-4077-BC62-67159201A0C7}.Release|Any CPU.Build.0 = Release|Any CPU
		{221FF96C-76FC-4D14-9842-1AAF035EAE41}.Debug|Any CPU.ActiveCfg = Debug|Any CPU
		{221FF96C-76FC-4D14-9842-1AAF035EAE41}.Debug|Any CPU.Build.0 = Debug|Any CPU
		{221FF96C-76FC-4D14-9842-1AAF035EAE41}.Release|Any CPU.ActiveCfg = Release|Any CPU
		{221FF96C-76FC-4D14-9842-1AAF035EAE41}.Release|Any CPU.Build.0 = Release|Any CPU
		{F3703DE9-1B0E-4B2F-9F39-CA37224CAEC5}.Debug|Any CPU.ActiveCfg = Debug|Any CPU
		{F3703DE9-1B0E-4B2F-9F39-CA37224CAEC5}.Debug|Any CPU.Build.0 = Debug|Any CPU
		{F3703DE9-1B0E-4B2F-9F39-CA37224CAEC5}.Release|Any CPU.ActiveCfg = Release|Any CPU
		{F3703DE9-1B0E-4B2F-9F39-CA37224CAEC5}.Release|Any CPU.Build.0 = Release|Any CPU
		{4515000A-2488-42CE-AB6B-5FCFFC03704F}.Debug|Any CPU.ActiveCfg = Debug|Any CPU
		{4515000A-2488-42CE-AB6B-5FCFFC03704F}.Debug|Any CPU.Build.0 = Debug|Any CPU
		{4515000A-2488-42CE-AB6B-5FCFFC03704F}.Release|Any CPU.ActiveCfg = Release|Any CPU
		{4515000A-2488-42CE-AB6B-5FCFFC03704F}.Release|Any CPU.Build.0 = Release|Any CPU
		{C95FD9FA-10A9-4F6D-929C-762963577659}.Debug|Any CPU.ActiveCfg = Debug|Any CPU
		{C95FD9FA-10A9-4F6D-929C-762963577659}.Debug|Any CPU.Build.0 = Debug|Any CPU
		{C95FD9FA-10A9-4F6D-929C-762963577659}.Release|Any CPU.ActiveCfg = Release|Any CPU
		{C95FD9FA-10A9-4F6D-929C-762963577659}.Release|Any CPU.Build.0 = Release|Any CPU
		{0ECC3348-AF19-41C4-8E24-06B5A086E9F7}.Debug|Any CPU.ActiveCfg = Debug|Any CPU
		{0ECC3348-AF19-41C4-8E24-06B5A086E9F7}.Debug|Any CPU.Build.0 = Debug|Any CPU
		{0ECC3348-AF19-41C4-8E24-06B5A086E9F7}.Release|Any CPU.ActiveCfg = Release|Any CPU
		{0ECC3348-AF19-41C4-8E24-06B5A086E9F7}.Release|Any CPU.Build.0 = Release|Any CPU
		{8DC41EE5-8798-464F-A4A8-7A26D2BE97E1}.Debug|Any CPU.ActiveCfg = Debug|Any CPU
		{8DC41EE5-8798-464F-A4A8-7A26D2BE97E1}.Debug|Any CPU.Build.0 = Debug|Any CPU
		{8DC41EE5-8798-464F-A4A8-7A26D2BE97E1}.Release|Any CPU.ActiveCfg = Release|Any CPU
		{8DC41EE5-8798-464F-A4A8-7A26D2BE97E1}.Release|Any CPU.Build.0 = Release|Any CPU
		{66EA8B78-2F3E-47AA-96B8-D4E3EFCEF580}.Debug|Any CPU.ActiveCfg = Debug|Any CPU
		{66EA8B78-2F3E-47AA-96B8-D4E3EFCEF580}.Debug|Any CPU.Build.0 = Debug|Any CPU
		{66EA8B78-2F3E-47AA-96B8-D4E3EFCEF580}.Release|Any CPU.ActiveCfg = Release|Any CPU
		{66EA8B78-2F3E-47AA-96B8-D4E3EFCEF580}.Release|Any CPU.Build.0 = Release|Any CPU
		{6A47E351-8960-4BC6-815B-715C89B085A2}.Debug|Any CPU.ActiveCfg = Debug|Any CPU
		{6A47E351-8960-4BC6-815B-715C89B085A2}.Debug|Any CPU.Build.0 = Debug|Any CPU
		{6A47E351-8960-4BC6-815B-715C89B085A2}.Release|Any CPU.ActiveCfg = Release|Any CPU
		{6A47E351-8960-4BC6-815B-715C89B085A2}.Release|Any CPU.Build.0 = Release|Any CPU
		{3E07BFAE-866F-4485-A98F-9986144AA57F}.Debug|Any CPU.ActiveCfg = Debug|Any CPU
		{3E07BFAE-866F-4485-A98F-9986144AA57F}.Debug|Any CPU.Build.0 = Debug|Any CPU
		{3E07BFAE-866F-4485-A98F-9986144AA57F}.Release|Any CPU.ActiveCfg = Release|Any CPU
		{3E07BFAE-866F-4485-A98F-9986144AA57F}.Release|Any CPU.Build.0 = Release|Any CPU
		{8E42CC78-FCEB-48A8-9C00-E04AE14A9E61}.Debug|Any CPU.ActiveCfg = Debug|Any CPU
		{8E42CC78-FCEB-48A8-9C00-E04AE14A9E61}.Debug|Any CPU.Build.0 = Debug|Any CPU
		{8E42CC78-FCEB-48A8-9C00-E04AE14A9E61}.Release|Any CPU.ActiveCfg = Release|Any CPU
		{8E42CC78-FCEB-48A8-9C00-E04AE14A9E61}.Release|Any CPU.Build.0 = Release|Any CPU
		{24F9AFEE-E2E6-400A-927C-ABE0F44FF7C0}.Debug|Any CPU.ActiveCfg = Debug|Any CPU
		{24F9AFEE-E2E6-400A-927C-ABE0F44FF7C0}.Debug|Any CPU.Build.0 = Debug|Any CPU
		{24F9AFEE-E2E6-400A-927C-ABE0F44FF7C0}.Release|Any CPU.ActiveCfg = Release|Any CPU
		{24F9AFEE-E2E6-400A-927C-ABE0F44FF7C0}.Release|Any CPU.Build.0 = Release|Any CPU
		{E8049A58-B802-466B-B79A-0980B48743C6}.Debug|Any CPU.ActiveCfg = Debug|Any CPU
		{E8049A58-B802-466B-B79A-0980B48743C6}.Debug|Any CPU.Build.0 = Debug|Any CPU
		{E8049A58-B802-466B-B79A-0980B48743C6}.Release|Any CPU.ActiveCfg = Release|Any CPU
		{E8049A58-B802-466B-B79A-0980B48743C6}.Release|Any CPU.Build.0 = Release|Any CPU
		{735B9325-B448-4D2E-9917-87A8B84C467D}.Debug|Any CPU.ActiveCfg = Debug|Any CPU
		{735B9325-B448-4D2E-9917-87A8B84C467D}.Debug|Any CPU.Build.0 = Debug|Any CPU
		{735B9325-B448-4D2E-9917-87A8B84C467D}.Release|Any CPU.ActiveCfg = Release|Any CPU
		{735B9325-B448-4D2E-9917-87A8B84C467D}.Release|Any CPU.Build.0 = Release|Any CPU
		{06DEC7A3-A281-46D8-9B08-AA12870C02C9}.Debug|Any CPU.ActiveCfg = Debug|Any CPU
		{06DEC7A3-A281-46D8-9B08-AA12870C02C9}.Debug|Any CPU.Build.0 = Debug|Any CPU
		{06DEC7A3-A281-46D8-9B08-AA12870C02C9}.Release|Any CPU.ActiveCfg = Release|Any CPU
		{06DEC7A3-A281-46D8-9B08-AA12870C02C9}.Release|Any CPU.Build.0 = Release|Any CPU
		{0E99BF1F-F427-4C2F-A1A0-1FF7998D1C64}.Debug|Any CPU.ActiveCfg = Debug|Any CPU
		{0E99BF1F-F427-4C2F-A1A0-1FF7998D1C64}.Debug|Any CPU.Build.0 = Debug|Any CPU
		{0E99BF1F-F427-4C2F-A1A0-1FF7998D1C64}.Release|Any CPU.ActiveCfg = Release|Any CPU
		{0E99BF1F-F427-4C2F-A1A0-1FF7998D1C64}.Release|Any CPU.Build.0 = Release|Any CPU
		{89E82790-B839-44A4-823F-BB1FC06D4BA7}.Debug|Any CPU.ActiveCfg = Debug|Any CPU
		{89E82790-B839-44A4-823F-BB1FC06D4BA7}.Debug|Any CPU.Build.0 = Debug|Any CPU
		{89E82790-B839-44A4-823F-BB1FC06D4BA7}.Release|Any CPU.ActiveCfg = Release|Any CPU
		{89E82790-B839-44A4-823F-BB1FC06D4BA7}.Release|Any CPU.Build.0 = Release|Any CPU
		{A95D7D48-8AB5-4A60-95E2-96AAE34874CC}.Debug|Any CPU.ActiveCfg = Debug|Any CPU
		{A95D7D48-8AB5-4A60-95E2-96AAE34874CC}.Debug|Any CPU.Build.0 = Debug|Any CPU
		{A95D7D48-8AB5-4A60-95E2-96AAE34874CC}.Release|Any CPU.ActiveCfg = Release|Any CPU
		{A95D7D48-8AB5-4A60-95E2-96AAE34874CC}.Release|Any CPU.Build.0 = Release|Any CPU
		{E982C0B5-F543-47E2-A29F-14A8FFB5C3C5}.Debug|Any CPU.ActiveCfg = Debug|Any CPU
		{E982C0B5-F543-47E2-A29F-14A8FFB5C3C5}.Debug|Any CPU.Build.0 = Debug|Any CPU
		{E982C0B5-F543-47E2-A29F-14A8FFB5C3C5}.Release|Any CPU.ActiveCfg = Release|Any CPU
		{E982C0B5-F543-47E2-A29F-14A8FFB5C3C5}.Release|Any CPU.Build.0 = Release|Any CPU
		{654EC75A-B488-4E59-AE70-EFBC66B1A1A5}.Debug|Any CPU.ActiveCfg = Debug|Any CPU
		{654EC75A-B488-4E59-AE70-EFBC66B1A1A5}.Debug|Any CPU.Build.0 = Debug|Any CPU
		{654EC75A-B488-4E59-AE70-EFBC66B1A1A5}.Release|Any CPU.ActiveCfg = Release|Any CPU
		{654EC75A-B488-4E59-AE70-EFBC66B1A1A5}.Release|Any CPU.Build.0 = Release|Any CPU
		{1696B0B8-891C-4775-85DF-202D32FF1CDD}.Debug|Any CPU.ActiveCfg = Debug|Any CPU
		{1696B0B8-891C-4775-85DF-202D32FF1CDD}.Debug|Any CPU.Build.0 = Debug|Any CPU
		{1696B0B8-891C-4775-85DF-202D32FF1CDD}.Release|Any CPU.ActiveCfg = Release|Any CPU
		{1696B0B8-891C-4775-85DF-202D32FF1CDD}.Release|Any CPU.Build.0 = Release|Any CPU
		{BAD5F5AD-2FD3-4A65-B395-7CC1F692971C}.Debug|Any CPU.ActiveCfg = Debug|Any CPU
		{BAD5F5AD-2FD3-4A65-B395-7CC1F692971C}.Debug|Any CPU.Build.0 = Debug|Any CPU
		{BAD5F5AD-2FD3-4A65-B395-7CC1F692971C}.Release|Any CPU.ActiveCfg = Release|Any CPU
		{BAD5F5AD-2FD3-4A65-B395-7CC1F692971C}.Release|Any CPU.Build.0 = Release|Any CPU
		{6336BF7E-FB8A-49E6-BCA6-7A27F65431B6}.Debug|Any CPU.ActiveCfg = Debug|Any CPU
		{6336BF7E-FB8A-49E6-BCA6-7A27F65431B6}.Debug|Any CPU.Build.0 = Debug|Any CPU
		{6336BF7E-FB8A-49E6-BCA6-7A27F65431B6}.Release|Any CPU.ActiveCfg = Release|Any CPU
		{6336BF7E-FB8A-49E6-BCA6-7A27F65431B6}.Release|Any CPU.Build.0 = Release|Any CPU
		{22862C9C-F651-446A-A3BF-3D0661DDC5D5}.Debug|Any CPU.ActiveCfg = Debug|Any CPU
		{22862C9C-F651-446A-A3BF-3D0661DDC5D5}.Debug|Any CPU.Build.0 = Debug|Any CPU
		{22862C9C-F651-446A-A3BF-3D0661DDC5D5}.Release|Any CPU.ActiveCfg = Release|Any CPU
		{22862C9C-F651-446A-A3BF-3D0661DDC5D5}.Release|Any CPU.Build.0 = Release|Any CPU
		{A1D93017-9760-401D-A46E-44F5CB327DD9}.Debug|Any CPU.ActiveCfg = Debug|Any CPU
		{A1D93017-9760-401D-A46E-44F5CB327DD9}.Debug|Any CPU.Build.0 = Debug|Any CPU
		{A1D93017-9760-401D-A46E-44F5CB327DD9}.Release|Any CPU.ActiveCfg = Release|Any CPU
		{A1D93017-9760-401D-A46E-44F5CB327DD9}.Release|Any CPU.Build.0 = Release|Any CPU
	EndGlobalSection
EndGlobal
